// !$*UTF8*$!
{
	archiveVersion = 1;
	classes = {
	};
	objectVersion = 48;
	objects = {

/* Begin PBXBuildFile section */
		27996E591E145A3862D35EF3 /* Pods_AlamofireDemoTests.framework in Frameworks */ = {isa = PBXBuildFile; fileRef = BC88CE7AC659359518B24D43 /* Pods_AlamofireDemoTests.framework */; };
		364EAD2C93405D8611C477A3 /* Pods_AlamofireDemo.framework in Frameworks */ = {isa = PBXBuildFile; fileRef = DD4A5060B7A15667F35747C8 /* Pods_AlamofireDemo.framework */; };
		3D12D61F24628B4B00B0D28C /* TableViewCell.swift in Sources */ = {isa = PBXBuildFile; fileRef = 3D12D61E24628B4B00B0D28C /* TableViewCell.swift */; };
		3D12D621246292E900B0D28C /* User.swift in Sources */ = {isa = PBXBuildFile; fileRef = 3D12D620246292E900B0D28C /* User.swift */; };
		3DCADD57245C5E83000F0643 /* ApiResultViewController.swift in Sources */ = {isa = PBXBuildFile; fileRef = 3DCADD56245C5E83000F0643 /* ApiResultViewController.swift */; };
		3DE65CC3245967140062A862 /* AppDelegate.swift in Sources */ = {isa = PBXBuildFile; fileRef = 3DE65CC2245967140062A862 /* AppDelegate.swift */; };
		3DE65CC5245967140062A862 /* ViewController.swift in Sources */ = {isa = PBXBuildFile; fileRef = 3DE65CC4245967140062A862 /* ViewController.swift */; };
		3DE65CC8245967140062A862 /* Main.storyboard in Resources */ = {isa = PBXBuildFile; fileRef = 3DE65CC6245967140062A862 /* Main.storyboard */; };
		3DE65CCB245967140062A862 /* AlamofireDemo.xcdatamodeld in Sources */ = {isa = PBXBuildFile; fileRef = 3DE65CC9245967140062A862 /* AlamofireDemo.xcdatamodeld */; };
		3DE65CCD245967150062A862 /* Assets.xcassets in Resources */ = {isa = PBXBuildFile; fileRef = 3DE65CCC245967140062A862 /* Assets.xcassets */; };
		3DE65CD0245967150062A862 /* LaunchScreen.storyboard in Resources */ = {isa = PBXBuildFile; fileRef = 3DE65CCE245967150062A862 /* LaunchScreen.storyboard */; };
		3DE65CDB245967150062A862 /* AlamofireDemoTests.swift in Sources */ = {isa = PBXBuildFile; fileRef = 3DE65CDA245967150062A862 /* AlamofireDemoTests.swift */; };
		3DE65CE6245967150062A862 /* AlamofireDemoUITests.swift in Sources */ = {isa = PBXBuildFile; fileRef = 3DE65CE5245967150062A862 /* AlamofireDemoUITests.swift */; };
		5DFC1479E86E5A7D9B9089A7 /* Pods_AlamofireDemo_AlamofireDemoUITests.framework in Frameworks */ = {isa = PBXBuildFile; fileRef = B77E816E078CFFFF377055D0 /* Pods_AlamofireDemo_AlamofireDemoUITests.framework */; };
/* End PBXBuildFile section */

/* Begin PBXContainerItemProxy section */
		3DE65CD7245967150062A862 /* PBXContainerItemProxy */ = {
			isa = PBXContainerItemProxy;
			containerPortal = 3DE65CB7245967140062A862 /* Project object */;
			proxyType = 1;
			remoteGlobalIDString = 3DE65CBE245967140062A862;
			remoteInfo = AlamofireDemo;
		};
		3DE65CE2245967150062A862 /* PBXContainerItemProxy */ = {
			isa = PBXContainerItemProxy;
			containerPortal = 3DE65CB7245967140062A862 /* Project object */;
			proxyType = 1;
			remoteGlobalIDString = 3DE65CBE245967140062A862;
			remoteInfo = AlamofireDemo;
		};
/* End PBXContainerItemProxy section */

/* Begin PBXFileReference section */
		098257D99E640AE7FB8269E5 /* Pods-AlamofireDemo.debug.xcconfig */ = {isa = PBXFileReference; includeInIndex = 1; lastKnownFileType = text.xcconfig; name = "Pods-AlamofireDemo.debug.xcconfig"; path = "Target Support Files/Pods-AlamofireDemo/Pods-AlamofireDemo.debug.xcconfig"; sourceTree = "<group>"; };
		20C0723513A37878213DA760 /* Pods-AlamofireDemoTests.release.xcconfig */ = {isa = PBXFileReference; includeInIndex = 1; lastKnownFileType = text.xcconfig; name = "Pods-AlamofireDemoTests.release.xcconfig"; path = "Target Support Files/Pods-AlamofireDemoTests/Pods-AlamofireDemoTests.release.xcconfig"; sourceTree = "<group>"; };
		246B9DFCB54FEC2AD610B8D0 /* Pods-AlamofireDemo.release.xcconfig */ = {isa = PBXFileReference; includeInIndex = 1; lastKnownFileType = text.xcconfig; name = "Pods-AlamofireDemo.release.xcconfig"; path = "Target Support Files/Pods-AlamofireDemo/Pods-AlamofireDemo.release.xcconfig"; sourceTree = "<group>"; };
		3D12D61E24628B4B00B0D28C /* TableViewCell.swift */ = {isa = PBXFileReference; lastKnownFileType = sourcecode.swift; path = TableViewCell.swift; sourceTree = "<group>"; };
		3D12D620246292E900B0D28C /* User.swift */ = {isa = PBXFileReference; lastKnownFileType = sourcecode.swift; path = User.swift; sourceTree = "<group>"; };
		3DCADD56245C5E83000F0643 /* ApiResultViewController.swift */ = {isa = PBXFileReference; lastKnownFileType = sourcecode.swift; path = ApiResultViewController.swift; sourceTree = "<group>"; };
		3DE65CBF245967140062A862 /* AlamofireDemo.app */ = {isa = PBXFileReference; explicitFileType = wrapper.application; includeInIndex = 0; path = AlamofireDemo.app; sourceTree = BUILT_PRODUCTS_DIR; };
		3DE65CC2245967140062A862 /* AppDelegate.swift */ = {isa = PBXFileReference; lastKnownFileType = sourcecode.swift; path = AppDelegate.swift; sourceTree = "<group>"; };
		3DE65CC4245967140062A862 /* ViewController.swift */ = {isa = PBXFileReference; lastKnownFileType = sourcecode.swift; path = ViewController.swift; sourceTree = "<group>"; };
		3DE65CC7245967140062A862 /* Base */ = {isa = PBXFileReference; lastKnownFileType = file.storyboard; name = Base; path = Base.lproj/Main.storyboard; sourceTree = "<group>"; };
		3DE65CCA245967140062A862 /* AlamofireDemo.xcdatamodel */ = {isa = PBXFileReference; lastKnownFileType = wrapper.xcdatamodel; path = AlamofireDemo.xcdatamodel; sourceTree = "<group>"; };
		3DE65CCC245967140062A862 /* Assets.xcassets */ = {isa = PBXFileReference; lastKnownFileType = folder.assetcatalog; path = Assets.xcassets; sourceTree = "<group>"; };
		3DE65CCF245967150062A862 /* Base */ = {isa = PBXFileReference; lastKnownFileType = file.storyboard; name = Base; path = Base.lproj/LaunchScreen.storyboard; sourceTree = "<group>"; };
		3DE65CD1245967150062A862 /* Info.plist */ = {isa = PBXFileReference; lastKnownFileType = text.plist.xml; path = Info.plist; sourceTree = "<group>"; };
		3DE65CD6245967150062A862 /* AlamofireDemoTests.xctest */ = {isa = PBXFileReference; explicitFileType = wrapper.cfbundle; includeInIndex = 0; path = AlamofireDemoTests.xctest; sourceTree = BUILT_PRODUCTS_DIR; };
		3DE65CDA245967150062A862 /* AlamofireDemoTests.swift */ = {isa = PBXFileReference; lastKnownFileType = sourcecode.swift; path = AlamofireDemoTests.swift; sourceTree = "<group>"; };
		3DE65CDC245967150062A862 /* Info.plist */ = {isa = PBXFileReference; lastKnownFileType = text.plist.xml; path = Info.plist; sourceTree = "<group>"; };
		3DE65CE1245967150062A862 /* AlamofireDemoUITests.xctest */ = {isa = PBXFileReference; explicitFileType = wrapper.cfbundle; includeInIndex = 0; path = AlamofireDemoUITests.xctest; sourceTree = BUILT_PRODUCTS_DIR; };
		3DE65CE5245967150062A862 /* AlamofireDemoUITests.swift */ = {isa = PBXFileReference; lastKnownFileType = sourcecode.swift; path = AlamofireDemoUITests.swift; sourceTree = "<group>"; };
		3DE65CE7245967150062A862 /* Info.plist */ = {isa = PBXFileReference; lastKnownFileType = text.plist.xml; path = Info.plist; sourceTree = "<group>"; };
		648FDCDF89E51EC15C4F03EB /* Pods-AlamofireDemoTests.debug.xcconfig */ = {isa = PBXFileReference; includeInIndex = 1; lastKnownFileType = text.xcconfig; name = "Pods-AlamofireDemoTests.debug.xcconfig"; path = "Target Support Files/Pods-AlamofireDemoTests/Pods-AlamofireDemoTests.debug.xcconfig"; sourceTree = "<group>"; };
		B77E816E078CFFFF377055D0 /* Pods_AlamofireDemo_AlamofireDemoUITests.framework */ = {isa = PBXFileReference; explicitFileType = wrapper.framework; includeInIndex = 0; path = Pods_AlamofireDemo_AlamofireDemoUITests.framework; sourceTree = BUILT_PRODUCTS_DIR; };
		BC88CE7AC659359518B24D43 /* Pods_AlamofireDemoTests.framework */ = {isa = PBXFileReference; explicitFileType = wrapper.framework; includeInIndex = 0; path = Pods_AlamofireDemoTests.framework; sourceTree = BUILT_PRODUCTS_DIR; };
		D26537C2C8E1BAE1BD30E60D /* Pods-AlamofireDemo-AlamofireDemoUITests.debug.xcconfig */ = {isa = PBXFileReference; includeInIndex = 1; lastKnownFileType = text.xcconfig; name = "Pods-AlamofireDemo-AlamofireDemoUITests.debug.xcconfig"; path = "Target Support Files/Pods-AlamofireDemo-AlamofireDemoUITests/Pods-AlamofireDemo-AlamofireDemoUITests.debug.xcconfig"; sourceTree = "<group>"; };
		DD4A5060B7A15667F35747C8 /* Pods_AlamofireDemo.framework */ = {isa = PBXFileReference; explicitFileType = wrapper.framework; includeInIndex = 0; path = Pods_AlamofireDemo.framework; sourceTree = BUILT_PRODUCTS_DIR; };
		F7DEA014014797E049526A65 /* Pods-AlamofireDemo-AlamofireDemoUITests.release.xcconfig */ = {isa = PBXFileReference; includeInIndex = 1; lastKnownFileType = text.xcconfig; name = "Pods-AlamofireDemo-AlamofireDemoUITests.release.xcconfig"; path = "Target Support Files/Pods-AlamofireDemo-AlamofireDemoUITests/Pods-AlamofireDemo-AlamofireDemoUITests.release.xcconfig"; sourceTree = "<group>"; };
/* End PBXFileReference section */

/* Begin PBXFrameworksBuildPhase section */
		3DE65CBC245967140062A862 /* Frameworks */ = {
			isa = PBXFrameworksBuildPhase;
			buildActionMask = 2147483647;
			files = (
				364EAD2C93405D8611C477A3 /* Pods_AlamofireDemo.framework in Frameworks */,
			);
			runOnlyForDeploymentPostprocessing = 0;
		};
		3DE65CD3245967150062A862 /* Frameworks */ = {
			isa = PBXFrameworksBuildPhase;
			buildActionMask = 2147483647;
			files = (
				27996E591E145A3862D35EF3 /* Pods_AlamofireDemoTests.framework in Frameworks */,
			);
			runOnlyForDeploymentPostprocessing = 0;
		};
		3DE65CDE245967150062A862 /* Frameworks */ = {
			isa = PBXFrameworksBuildPhase;
			buildActionMask = 2147483647;
			files = (
				5DFC1479E86E5A7D9B9089A7 /* Pods_AlamofireDemo_AlamofireDemoUITests.framework in Frameworks */,
			);
			runOnlyForDeploymentPostprocessing = 0;
		};
/* End PBXFrameworksBuildPhase section */

/* Begin PBXGroup section */
		259059338BB9B02A8A3FAD0D /* Frameworks */ = {
			isa = PBXGroup;
			children = (
				DD4A5060B7A15667F35747C8 /* Pods_AlamofireDemo.framework */,
				B77E816E078CFFFF377055D0 /* Pods_AlamofireDemo_AlamofireDemoUITests.framework */,
				BC88CE7AC659359518B24D43 /* Pods_AlamofireDemoTests.framework */,
			);
			name = Frameworks;
			sourceTree = "<group>";
		};
		3DE65CB6245967140062A862 = {
			isa = PBXGroup;
			children = (
				3DE65CC1245967140062A862 /* AlamofireDemo */,
				3DE65CD9245967150062A862 /* AlamofireDemoTests */,
				3DE65CE4245967150062A862 /* AlamofireDemoUITests */,
				3DE65CC0245967140062A862 /* Products */,
				9D8AE355EA1A5F960891D47D /* Pods */,
				259059338BB9B02A8A3FAD0D /* Frameworks */,
			);
			sourceTree = "<group>";
		};
		3DE65CC0245967140062A862 /* Products */ = {
			isa = PBXGroup;
			children = (
				3DE65CBF245967140062A862 /* AlamofireDemo.app */,
				3DE65CD6245967150062A862 /* AlamofireDemoTests.xctest */,
				3DE65CE1245967150062A862 /* AlamofireDemoUITests.xctest */,
			);
			name = Products;
			sourceTree = "<group>";
		};
		3DE65CC1245967140062A862 /* AlamofireDemo */ = {
			isa = PBXGroup;
			children = (
				3DE65CC2245967140062A862 /* AppDelegate.swift */,
				3DE65CC4245967140062A862 /* ViewController.swift */,
				3DE65CC6245967140062A862 /* Main.storyboard */,
				3DE65CCC245967140062A862 /* Assets.xcassets */,
				3DE65CCE245967150062A862 /* LaunchScreen.storyboard */,
				3DE65CD1245967150062A862 /* Info.plist */,
				3DE65CC9245967140062A862 /* AlamofireDemo.xcdatamodeld */,
				3DCADD56245C5E83000F0643 /* ApiResultViewController.swift */,
				3D12D61E24628B4B00B0D28C /* TableViewCell.swift */,
				3D12D620246292E900B0D28C /* User.swift */,
			);
			path = AlamofireDemo;
			sourceTree = "<group>";
		};
		3DE65CD9245967150062A862 /* AlamofireDemoTests */ = {
			isa = PBXGroup;
			children = (
				3DE65CDA245967150062A862 /* AlamofireDemoTests.swift */,
				3DE65CDC245967150062A862 /* Info.plist */,
			);
			path = AlamofireDemoTests;
			sourceTree = "<group>";
		};
		3DE65CE4245967150062A862 /* AlamofireDemoUITests */ = {
			isa = PBXGroup;
			children = (
				3DE65CE5245967150062A862 /* AlamofireDemoUITests.swift */,
				3DE65CE7245967150062A862 /* Info.plist */,
			);
			path = AlamofireDemoUITests;
			sourceTree = "<group>";
		};
		9D8AE355EA1A5F960891D47D /* Pods */ = {
			isa = PBXGroup;
			children = (
				098257D99E640AE7FB8269E5 /* Pods-AlamofireDemo.debug.xcconfig */,
				246B9DFCB54FEC2AD610B8D0 /* Pods-AlamofireDemo.release.xcconfig */,
				D26537C2C8E1BAE1BD30E60D /* Pods-AlamofireDemo-AlamofireDemoUITests.debug.xcconfig */,
				F7DEA014014797E049526A65 /* Pods-AlamofireDemo-AlamofireDemoUITests.release.xcconfig */,
				648FDCDF89E51EC15C4F03EB /* Pods-AlamofireDemoTests.debug.xcconfig */,
				20C0723513A37878213DA760 /* Pods-AlamofireDemoTests.release.xcconfig */,
			);
			path = Pods;
			sourceTree = "<group>";
		};
/* End PBXGroup section */

/* Begin PBXNativeTarget section */
		3DE65CBE245967140062A862 /* AlamofireDemo */ = {
			isa = PBXNativeTarget;
			buildConfigurationList = 3DE65CEA245967150062A862 /* Build configuration list for PBXNativeTarget "AlamofireDemo" */;
			buildPhases = (
				85BEBD17A0CB32F4C58B5D70 /* [CP] Check Pods Manifest.lock */,
				3DE65CBB245967140062A862 /* Sources */,
				3DE65CBC245967140062A862 /* Frameworks */,
				3DE65CBD245967140062A862 /* Resources */,
				A78C18840AA5EC61E4E70017 /* [CP] Embed Pods Frameworks */,
			);
			buildRules = (
			);
			dependencies = (
			);
			name = AlamofireDemo;
			productName = AlamofireDemo;
			productReference = 3DE65CBF245967140062A862 /* AlamofireDemo.app */;
			productType = "com.apple.product-type.application";
		};
		3DE65CD5245967150062A862 /* AlamofireDemoTests */ = {
			isa = PBXNativeTarget;
			buildConfigurationList = 3DE65CED245967150062A862 /* Build configuration list for PBXNativeTarget "AlamofireDemoTests" */;
			buildPhases = (
				034A768E9F6D86DABA02D5E6 /* [CP] Check Pods Manifest.lock */,
				3DE65CD2245967150062A862 /* Sources */,
				3DE65CD3245967150062A862 /* Frameworks */,
				3DE65CD4245967150062A862 /* Resources */,
			);
			buildRules = (
			);
			dependencies = (
				3DE65CD8245967150062A862 /* PBXTargetDependency */,
			);
			name = AlamofireDemoTests;
			productName = AlamofireDemoTests;
			productReference = 3DE65CD6245967150062A862 /* AlamofireDemoTests.xctest */;
			productType = "com.apple.product-type.bundle.unit-test";
		};
		3DE65CE0245967150062A862 /* AlamofireDemoUITests */ = {
			isa = PBXNativeTarget;
			buildConfigurationList = 3DE65CF0245967150062A862 /* Build configuration list for PBXNativeTarget "AlamofireDemoUITests" */;
			buildPhases = (
				6572F31F1D960954E8353B4A /* [CP] Check Pods Manifest.lock */,
				3DE65CDD245967150062A862 /* Sources */,
				3DE65CDE245967150062A862 /* Frameworks */,
				3DE65CDF245967150062A862 /* Resources */,
				D089C5CA38F321FD4C94F064 /* [CP] Embed Pods Frameworks */,
			);
			buildRules = (
			);
			dependencies = (
				3DE65CE3245967150062A862 /* PBXTargetDependency */,
			);
			name = AlamofireDemoUITests;
			productName = AlamofireDemoUITests;
			productReference = 3DE65CE1245967150062A862 /* AlamofireDemoUITests.xctest */;
			productType = "com.apple.product-type.bundle.ui-testing";
		};
/* End PBXNativeTarget section */

/* Begin PBXProject section */
		3DE65CB7245967140062A862 /* Project object */ = {
			isa = PBXProject;
			attributes = {
				LastSwiftUpdateCheck = 0920;
				LastUpgradeCheck = 0920;
				ORGANIZATIONNAME = Mahesh;
				TargetAttributes = {
					3DE65CBE245967140062A862 = {
						CreatedOnToolsVersion = 9.2;
						ProvisioningStyle = Automatic;
					};
					3DE65CD5245967150062A862 = {
						CreatedOnToolsVersion = 9.2;
						ProvisioningStyle = Automatic;
						TestTargetID = 3DE65CBE245967140062A862;
					};
					3DE65CE0245967150062A862 = {
						CreatedOnToolsVersion = 9.2;
						ProvisioningStyle = Automatic;
						TestTargetID = 3DE65CBE245967140062A862;
					};
				};
			};
			buildConfigurationList = 3DE65CBA245967140062A862 /* Build configuration list for PBXProject "AlamofireDemo" */;
			compatibilityVersion = "Xcode 8.0";
			developmentRegion = en;
			hasScannedForEncodings = 0;
			knownRegions = (
				en,
				Base,
			);
			mainGroup = 3DE65CB6245967140062A862;
			productRefGroup = 3DE65CC0245967140062A862 /* Products */;
			projectDirPath = "";
			projectRoot = "";
			targets = (
				3DE65CBE245967140062A862 /* AlamofireDemo */,
				3DE65CD5245967150062A862 /* AlamofireDemoTests */,
				3DE65CE0245967150062A862 /* AlamofireDemoUITests */,
			);
		};
/* End PBXProject section */

/* Begin PBXResourcesBuildPhase section */
		3DE65CBD245967140062A862 /* Resources */ = {
			isa = PBXResourcesBuildPhase;
			buildActionMask = 2147483647;
			files = (
				3DE65CD0245967150062A862 /* LaunchScreen.storyboard in Resources */,
				3DE65CCD245967150062A862 /* Assets.xcassets in Resources */,
				3DE65CC8245967140062A862 /* Main.storyboard in Resources */,
			);
			runOnlyForDeploymentPostprocessing = 0;
		};
		3DE65CD4245967150062A862 /* Resources */ = {
			isa = PBXResourcesBuildPhase;
			buildActionMask = 2147483647;
			files = (
			);
			runOnlyForDeploymentPostprocessing = 0;
		};
		3DE65CDF245967150062A862 /* Resources */ = {
			isa = PBXResourcesBuildPhase;
			buildActionMask = 2147483647;
			files = (
			);
			runOnlyForDeploymentPostprocessing = 0;
		};
/* End PBXResourcesBuildPhase section */

/* Begin PBXShellScriptBuildPhase section */
		034A768E9F6D86DABA02D5E6 /* [CP] Check Pods Manifest.lock */ = {
			isa = PBXShellScriptBuildPhase;
			buildActionMask = 2147483647;
			files = (
			);
			inputPaths = (
				"${PODS_PODFILE_DIR_PATH}/Podfile.lock",
				"${PODS_ROOT}/Manifest.lock",
			);
			name = "[CP] Check Pods Manifest.lock";
			outputPaths = (
				"$(DERIVED_FILE_DIR)/Pods-AlamofireDemoTests-checkManifestLockResult.txt",
			);
			runOnlyForDeploymentPostprocessing = 0;
			shellPath = /bin/sh;
			shellScript = "diff \"${PODS_PODFILE_DIR_PATH}/Podfile.lock\" \"${PODS_ROOT}/Manifest.lock\" > /dev/null\nif [ $? != 0 ] ; then\n    # print error to STDERR\n    echo \"error: The sandbox is not in sync with the Podfile.lock. Run 'pod install' or update your CocoaPods installation.\" >&2\n    exit 1\nfi\n# This output is used by Xcode 'outputs' to avoid re-running this script phase.\necho \"SUCCESS\" > \"${SCRIPT_OUTPUT_FILE_0}\"\n";
			showEnvVarsInLog = 0;
		};
		6572F31F1D960954E8353B4A /* [CP] Check Pods Manifest.lock */ = {
			isa = PBXShellScriptBuildPhase;
			buildActionMask = 2147483647;
			files = (
			);
			inputPaths = (
				"${PODS_PODFILE_DIR_PATH}/Podfile.lock",
				"${PODS_ROOT}/Manifest.lock",
			);
			name = "[CP] Check Pods Manifest.lock";
			outputPaths = (
				"$(DERIVED_FILE_DIR)/Pods-AlamofireDemo-AlamofireDemoUITests-checkManifestLockResult.txt",
			);
			runOnlyForDeploymentPostprocessing = 0;
			shellPath = /bin/sh;
			shellScript = "diff \"${PODS_PODFILE_DIR_PATH}/Podfile.lock\" \"${PODS_ROOT}/Manifest.lock\" > /dev/null\nif [ $? != 0 ] ; then\n    # print error to STDERR\n    echo \"error: The sandbox is not in sync with the Podfile.lock. Run 'pod install' or update your CocoaPods installation.\" >&2\n    exit 1\nfi\n# This output is used by Xcode 'outputs' to avoid re-running this script phase.\necho \"SUCCESS\" > \"${SCRIPT_OUTPUT_FILE_0}\"\n";
			showEnvVarsInLog = 0;
		};
		85BEBD17A0CB32F4C58B5D70 /* [CP] Check Pods Manifest.lock */ = {
			isa = PBXShellScriptBuildPhase;
			buildActionMask = 2147483647;
			files = (
			);
			inputPaths = (
				"${PODS_PODFILE_DIR_PATH}/Podfile.lock",
				"${PODS_ROOT}/Manifest.lock",
			);
			name = "[CP] Check Pods Manifest.lock";
			outputPaths = (
				"$(DERIVED_FILE_DIR)/Pods-AlamofireDemo-checkManifestLockResult.txt",
			);
			runOnlyForDeploymentPostprocessing = 0;
			shellPath = /bin/sh;
			shellScript = "diff \"${PODS_PODFILE_DIR_PATH}/Podfile.lock\" \"${PODS_ROOT}/Manifest.lock\" > /dev/null\nif [ $? != 0 ] ; then\n    # print error to STDERR\n    echo \"error: The sandbox is not in sync with the Podfile.lock. Run 'pod install' or update your CocoaPods installation.\" >&2\n    exit 1\nfi\n# This output is used by Xcode 'outputs' to avoid re-running this script phase.\necho \"SUCCESS\" > \"${SCRIPT_OUTPUT_FILE_0}\"\n";
			showEnvVarsInLog = 0;
		};
		A78C18840AA5EC61E4E70017 /* [CP] Embed Pods Frameworks */ = {
			isa = PBXShellScriptBuildPhase;
			buildActionMask = 2147483647;
			files = (
			);
			inputPaths = (
				"${PODS_ROOT}/Target Support Files/Pods-AlamofireDemo/Pods-AlamofireDemo-frameworks.sh",
				"${BUILT_PRODUCTS_DIR}/Alamofire/Alamofire.framework",
				"${BUILT_PRODUCTS_DIR}/SwiftyJSON/SwiftyJSON.framework",
			);
			name = "[CP] Embed Pods Frameworks";
			outputPaths = (
				"${TARGET_BUILD_DIR}/${FRAMEWORKS_FOLDER_PATH}/Alamofire.framework",
				"${TARGET_BUILD_DIR}/${FRAMEWORKS_FOLDER_PATH}/SwiftyJSON.framework",
			);
			runOnlyForDeploymentPostprocessing = 0;
			shellPath = /bin/sh;
			shellScript = "\"${PODS_ROOT}/Target Support Files/Pods-AlamofireDemo/Pods-AlamofireDemo-frameworks.sh\"\n";
			showEnvVarsInLog = 0;
		};
		D089C5CA38F321FD4C94F064 /* [CP] Embed Pods Frameworks */ = {
			isa = PBXShellScriptBuildPhase;
			buildActionMask = 2147483647;
			files = (
			);
			inputPaths = (
				"${PODS_ROOT}/Target Support Files/Pods-AlamofireDemo-AlamofireDemoUITests/Pods-AlamofireDemo-AlamofireDemoUITests-frameworks.sh",
				"${BUILT_PRODUCTS_DIR}/Alamofire/Alamofire.framework",
				"${BUILT_PRODUCTS_DIR}/SwiftyJSON/SwiftyJSON.framework",
			);
			name = "[CP] Embed Pods Frameworks";
			outputPaths = (
				"${TARGET_BUILD_DIR}/${FRAMEWORKS_FOLDER_PATH}/Alamofire.framework",
				"${TARGET_BUILD_DIR}/${FRAMEWORKS_FOLDER_PATH}/SwiftyJSON.framework",
			);
			runOnlyForDeploymentPostprocessing = 0;
			shellPath = /bin/sh;
			shellScript = "\"${PODS_ROOT}/Target Support Files/Pods-AlamofireDemo-AlamofireDemoUITests/Pods-AlamofireDemo-AlamofireDemoUITests-frameworks.sh\"\n";
			showEnvVarsInLog = 0;
		};
/* End PBXShellScriptBuildPhase section */

/* Begin PBXSourcesBuildPhase section */
		3DE65CBB245967140062A862 /* Sources */ = {
			isa = PBXSourcesBuildPhase;
			buildActionMask = 2147483647;
			files = (
				3D12D61F24628B4B00B0D28C /* TableViewCell.swift in Sources */,
				3DCADD57245C5E83000F0643 /* ApiResultViewController.swift in Sources */,
				3D12D621246292E900B0D28C /* User.swift in Sources */,
				3DE65CCB245967140062A862 /* AlamofireDemo.xcdatamodeld in Sources */,
				3DE65CC5245967140062A862 /* ViewController.swift in Sources */,
				3DE65CC3245967140062A862 /* AppDelegate.swift in Sources */,
			);
			runOnlyForDeploymentPostprocessing = 0;
		};
		3DE65CD2245967150062A862 /* Sources */ = {
			isa = PBXSourcesBuildPhase;
			buildActionMask = 2147483647;
			files = (
				3DE65CDB245967150062A862 /* AlamofireDemoTests.swift in Sources */,
			);
			runOnlyForDeploymentPostprocessing = 0;
		};
		3DE65CDD245967150062A862 /* Sources */ = {
			isa = PBXSourcesBuildPhase;
			buildActionMask = 2147483647;
			files = (
				3DE65CE6245967150062A862 /* AlamofireDemoUITests.swift in Sources */,
			);
			runOnlyForDeploymentPostprocessing = 0;
		};
/* End PBXSourcesBuildPhase section */

/* Begin PBXTargetDependency section */
		3DE65CD8245967150062A862 /* PBXTargetDependency */ = {
			isa = PBXTargetDependency;
			target = 3DE65CBE245967140062A862 /* AlamofireDemo */;
			targetProxy = 3DE65CD7245967150062A862 /* PBXContainerItemProxy */;
		};
		3DE65CE3245967150062A862 /* PBXTargetDependency */ = {
			isa = PBXTargetDependency;
			target = 3DE65CBE245967140062A862 /* AlamofireDemo */;
			targetProxy = 3DE65CE2245967150062A862 /* PBXContainerItemProxy */;
		};
/* End PBXTargetDependency section */

/* Begin PBXVariantGroup section */
		3DE65CC6245967140062A862 /* Main.storyboard */ = {
			isa = PBXVariantGroup;
			children = (
				3DE65CC7245967140062A862 /* Base */,
			);
			name = Main.storyboard;
			sourceTree = "<group>";
		};
		3DE65CCE245967150062A862 /* LaunchScreen.storyboard */ = {
			isa = PBXVariantGroup;
			children = (
				3DE65CCF245967150062A862 /* Base */,
			);
			name = LaunchScreen.storyboard;
			sourceTree = "<group>";
		};
/* End PBXVariantGroup section */

/* Begin XCBuildConfiguration section */
		3DE65CE8245967150062A862 /* Debug */ = {
			isa = XCBuildConfiguration;
			buildSettings = {
				ALWAYS_SEARCH_USER_PATHS = NO;
				CLANG_ANALYZER_NONNULL = YES;
				CLANG_ANALYZER_NUMBER_OBJECT_CONVERSION = YES_AGGRESSIVE;
				CLANG_CXX_LANGUAGE_STANDARD = "gnu++14";
				CLANG_CXX_LIBRARY = "libc++";
				CLANG_ENABLE_MODULES = YES;
				CLANG_ENABLE_OBJC_ARC = YES;
				CLANG_WARN_BLOCK_CAPTURE_AUTORELEASING = YES;
				CLANG_WARN_BOOL_CONVERSION = YES;
				CLANG_WARN_COMMA = YES;
				CLANG_WARN_CONSTANT_CONVERSION = YES;
				CLANG_WARN_DIRECT_OBJC_ISA_USAGE = YES_ERROR;
				CLANG_WARN_DOCUMENTATION_COMMENTS = YES;
				CLANG_WARN_EMPTY_BODY = YES;
				CLANG_WARN_ENUM_CONVERSION = YES;
				CLANG_WARN_INFINITE_RECURSION = YES;
				CLANG_WARN_INT_CONVERSION = YES;
				CLANG_WARN_NON_LITERAL_NULL_CONVERSION = YES;
				CLANG_WARN_OBJC_LITERAL_CONVERSION = YES;
				CLANG_WARN_OBJC_ROOT_CLASS = YES_ERROR;
				CLANG_WARN_RANGE_LOOP_ANALYSIS = YES;
				CLANG_WARN_STRICT_PROTOTYPES = YES;
				CLANG_WARN_SUSPICIOUS_MOVE = YES;
				CLANG_WARN_UNGUARDED_AVAILABILITY = YES_AGGRESSIVE;
				CLANG_WARN_UNREACHABLE_CODE = YES;
				CLANG_WARN__DUPLICATE_METHOD_MATCH = YES;
				CODE_SIGN_IDENTITY = "iPhone Developer";
				COPY_PHASE_STRIP = NO;
				DEBUG_INFORMATION_FORMAT = dwarf;
				ENABLE_STRICT_OBJC_MSGSEND = YES;
				ENABLE_TESTABILITY = YES;
				GCC_C_LANGUAGE_STANDARD = gnu11;
				GCC_DYNAMIC_NO_PIC = NO;
				GCC_NO_COMMON_BLOCKS = YES;
				GCC_OPTIMIZATION_LEVEL = 0;
				GCC_PREPROCESSOR_DEFINITIONS = (
					"DEBUG=1",
					"$(inherited)",
				);
				GCC_WARN_64_TO_32_BIT_CONVERSION = YES;
				GCC_WARN_ABOUT_RETURN_TYPE = YES_ERROR;
				GCC_WARN_UNDECLARED_SELECTOR = YES;
				GCC_WARN_UNINITIALIZED_AUTOS = YES_AGGRESSIVE;
				GCC_WARN_UNUSED_FUNCTION = YES;
				GCC_WARN_UNUSED_VARIABLE = YES;
				IPHONEOS_DEPLOYMENT_TARGET = 11.2;
				MTL_ENABLE_DEBUG_INFO = YES;
				ONLY_ACTIVE_ARCH = YES;
				SDKROOT = iphoneos;
				SWIFT_ACTIVE_COMPILATION_CONDITIONS = DEBUG;
				SWIFT_OPTIMIZATION_LEVEL = "-Onone";
			};
			name = Debug;
		};
		3DE65CE9245967150062A862 /* Release */ = {
			isa = XCBuildConfiguration;
			buildSettings = {
				ALWAYS_SEARCH_USER_PATHS = NO;
				CLANG_ANALYZER_NONNULL = YES;
				CLANG_ANALYZER_NUMBER_OBJECT_CONVERSION = YES_AGGRESSIVE;
				CLANG_CXX_LANGUAGE_STANDARD = "gnu++14";
				CLANG_CXX_LIBRARY = "libc++";
				CLANG_ENABLE_MODULES = YES;
				CLANG_ENABLE_OBJC_ARC = YES;
				CLANG_WARN_BLOCK_CAPTURE_AUTORELEASING = YES;
				CLANG_WARN_BOOL_CONVERSION = YES;
				CLANG_WARN_COMMA = YES;
				CLANG_WARN_CONSTANT_CONVERSION = YES;
				CLANG_WARN_DIRECT_OBJC_ISA_USAGE = YES_ERROR;
				CLANG_WARN_DOCUMENTATION_COMMENTS = YES;
				CLANG_WARN_EMPTY_BODY = YES;
				CLANG_WARN_ENUM_CONVERSION = YES;
				CLANG_WARN_INFINITE_RECURSION = YES;
				CLANG_WARN_INT_CONVERSION = YES;
				CLANG_WARN_NON_LITERAL_NULL_CONVERSION = YES;
				CLANG_WARN_OBJC_LITERAL_CONVERSION = YES;
				CLANG_WARN_OBJC_ROOT_CLASS = YES_ERROR;
				CLANG_WARN_RANGE_LOOP_ANALYSIS = YES;
				CLANG_WARN_STRICT_PROTOTYPES = YES;
				CLANG_WARN_SUSPICIOUS_MOVE = YES;
				CLANG_WARN_UNGUARDED_AVAILABILITY = YES_AGGRESSIVE;
				CLANG_WARN_UNREACHABLE_CODE = YES;
				CLANG_WARN__DUPLICATE_METHOD_MATCH = YES;
				CODE_SIGN_IDENTITY = "iPhone Developer";
				COPY_PHASE_STRIP = NO;
				DEBUG_INFORMATION_FORMAT = "dwarf-with-dsym";
				ENABLE_NS_ASSERTIONS = NO;
				ENABLE_STRICT_OBJC_MSGSEND = YES;
				GCC_C_LANGUAGE_STANDARD = gnu11;
				GCC_NO_COMMON_BLOCKS = YES;
				GCC_WARN_64_TO_32_BIT_CONVERSION = YES;
				GCC_WARN_ABOUT_RETURN_TYPE = YES_ERROR;
				GCC_WARN_UNDECLARED_SELECTOR = YES;
				GCC_WARN_UNINITIALIZED_AUTOS = YES_AGGRESSIVE;
				GCC_WARN_UNUSED_FUNCTION = YES;
				GCC_WARN_UNUSED_VARIABLE = YES;
				IPHONEOS_DEPLOYMENT_TARGET = 11.2;
				MTL_ENABLE_DEBUG_INFO = NO;
				SDKROOT = iphoneos;
				SWIFT_OPTIMIZATION_LEVEL = "-Owholemodule";
				VALIDATE_PRODUCT = YES;
			};
			name = Release;
		};
		3DE65CEB245967150062A862 /* Debug */ = {
			isa = XCBuildConfiguration;
			baseConfigurationReference = 098257D99E640AE7FB8269E5 /* Pods-AlamofireDemo.debug.xcconfig */;
			buildSettings = {
				ASSETCATALOG_COMPILER_APPICON_NAME = AppIcon;
				CODE_SIGN_STYLE = Automatic;
				INFOPLIST_FILE = AlamofireDemo/Info.plist;
				LD_RUNPATH_SEARCH_PATHS = "$(inherited) @executable_path/Frameworks";
				PRODUCT_BUNDLE_IDENTIFIER = mahesh.AlamofireDemo;
				PRODUCT_NAME = "$(TARGET_NAME)";
				SWIFT_VERSION = 4.0;
				TARGETED_DEVICE_FAMILY = "1,2";
			};
			name = Debug;
		};
		3DE65CEC245967150062A862 /* Release */ = {
			isa = XCBuildConfiguration;
			baseConfigurationReference = 246B9DFCB54FEC2AD610B8D0 /* Pods-AlamofireDemo.release.xcconfig */;
			buildSettings = {
				ASSETCATALOG_COMPILER_APPICON_NAME = AppIcon;
				CODE_SIGN_STYLE = Automatic;
				INFOPLIST_FILE = AlamofireDemo/Info.plist;
				LD_RUNPATH_SEARCH_PATHS = "$(inherited) @executable_path/Frameworks";
				PRODUCT_BUNDLE_IDENTIFIER = mahesh.AlamofireDemo;
				PRODUCT_NAME = "$(TARGET_NAME)";
				SWIFT_VERSION = 4.0;
				TARGETED_DEVICE_FAMILY = "1,2";
			};
			name = Release;
		};
		3DE65CEE245967150062A862 /* Debug */ = {
			isa = XCBuildConfiguration;
			baseConfigurationReference = 648FDCDF89E51EC15C4F03EB /* Pods-AlamofireDemoTests.debug.xcconfig */;
			buildSettings = {
				ALWAYS_EMBED_SWIFT_STANDARD_LIBRARIES = YES;
				BUNDLE_LOADER = "$(TEST_HOST)";
				CODE_SIGN_STYLE = Automatic;
				INFOPLIST_FILE = AlamofireDemoTests/Info.plist;
				LD_RUNPATH_SEARCH_PATHS = "$(inherited) @executable_path/Frameworks @loader_path/Frameworks";
				PRODUCT_BUNDLE_IDENTIFIER = mahesh.AlamofireDemoTests;
				PRODUCT_NAME = "$(TARGET_NAME)";
				SWIFT_VERSION = 4.0;
				TARGETED_DEVICE_FAMILY = "1,2";
				TEST_HOST = "$(BUILT_PRODUCTS_DIR)/AlamofireDemo.app/AlamofireDemo";
			};
			name = Debug;
		};
		3DE65CEF245967150062A862 /* Release */ = {
			isa = XCBuildConfiguration;
			baseConfigurationReference = 20C0723513A37878213DA760 /* Pods-AlamofireDemoTests.release.xcconfig */;
			buildSettings = {
				ALWAYS_EMBED_SWIFT_STANDARD_LIBRARIES = YES;
				BUNDLE_LOADER = "$(TEST_HOST)";
				CODE_SIGN_STYLE = Automatic;
				INFOPLIST_FILE = AlamofireDemoTests/Info.plist;
				LD_RUNPATH_SEARCH_PATHS = "$(inherited) @executable_path/Frameworks @loader_path/Frameworks";
				PRODUCT_BUNDLE_IDENTIFIER = mahesh.AlamofireDemoTests;
				PRODUCT_NAME = "$(TARGET_NAME)";
				SWIFT_VERSION = 4.0;
				TARGETED_DEVICE_FAMILY = "1,2";
				TEST_HOST = "$(BUILT_PRODUCTS_DIR)/AlamofireDemo.app/AlamofireDemo";
			};
			name = Release;
		};
		3DE65CF1245967150062A862 /* Debug */ = {
			isa = XCBuildConfiguration;
			baseConfigurationReference = D26537C2C8E1BAE1BD30E60D /* Pods-AlamofireDemo-AlamofireDemoUITests.debug.xcconfig */;
			buildSettings = {
				ALWAYS_EMBED_SWIFT_STANDARD_LIBRARIES = YES;
				CODE_SIGN_STYLE = Automatic;
				INFOPLIST_FILE = AlamofireDemoUITests/Info.plist;
				LD_RUNPATH_SEARCH_PATHS = "$(inherited) @executable_path/Frameworks @loader_path/Frameworks";
				PRODUCT_BUNDLE_IDENTIFIER = mahesh.AlamofireDemoUITests;
				PRODUCT_NAME = "$(TARGET_NAME)";
				SWIFT_VERSION = 4.0;
				TARGETED_DEVICE_FAMILY = "1,2";
				TEST_TARGET_NAME = AlamofireDemo;
			};
			name = Debug;
		};
		3DE65CF2245967150062A862 /* Release */ = {
			isa = XCBuildConfiguration;
			baseConfigurationReference = F7DEA014014797E049526A65 /* Pods-AlamofireDemo-AlamofireDemoUITests.release.xcconfig */;
			buildSettings = {
				ALWAYS_EMBED_SWIFT_STANDARD_LIBRARIES = YES;
				CODE_SIGN_STYLE = Automatic;
				INFOPLIST_FILE = AlamofireDemoUITests/Info.plist;
				LD_RUNPATH_SEARCH_PATHS = "$(inherited) @executable_path/Frameworks @loader_path/Frameworks";
				PRODUCT_BUNDLE_IDENTIFIER = mahesh.AlamofireDemoUITests;
				PRODUCT_NAME = "$(TARGET_NAME)";
				SWIFT_VERSION = 4.0;
				TARGETED_DEVICE_FAMILY = "1,2";
				TEST_TARGET_NAME = AlamofireDemo;
			};
			name = Release;
		};
/* End XCBuildConfiguration section */

/* Begin XCConfigurationList section */
		3DE65CBA245967140062A862 /* Build configuration list for PBXProject "AlamofireDemo" */ = {
			isa = XCConfigurationList;
			buildConfigurations = (
				3DE65CE8245967150062A862 /* Debug */,
				3DE65CE9245967150062A862 /* Release */,
			);
			defaultConfigurationIsVisible = 0;
			defaultConfigurationName = Release;
		};
		3DE65CEA245967150062A862 /* Build configuration list for PBXNativeTarget "AlamofireDemo" */ = {
			isa = XCConfigurationList;
			buildConfigurations = (
				3DE65CEB245967150062A862 /* Debug */,
				3DE65CEC245967150062A862 /* Release */,
			);
			defaultConfigurationIsVisible = 0;
			defaultConfigurationName = Release;
		};
		3DE65CED245967150062A862 /* Build configuration list for PBXNativeTarget "AlamofireDemoTests" */ = {
			isa = XCConfigurationList;
			buildConfigurations = (
				3DE65CEE245967150062A862 /* Debug */,
				3DE65CEF245967150062A862 /* Release */,
			);
			defaultConfigurationIsVisible = 0;
			defaultConfigurationName = Release;
		};
		3DE65CF0245967150062A862 /* Build configuration list for PBXNativeTarget "AlamofireDemoUITests" */ = {
			isa = XCConfigurationList;
			buildConfigurations = (
				3DE65CF1245967150062A862 /* Debug */,
				3DE65CF2245967150062A862 /* Release */,
			);
			defaultConfigurationIsVisible = 0;
			defaultConfigurationName = Release;
		};
/* End XCConfigurationList section */

/* Begin XCVersionGroup section */
		3DE65CC9245967140062A862 /* AlamofireDemo.xcdatamodeld */ = {
			isa = XCVersionGroup;
			children = (
				3DE65CCA245967140062A862 /* AlamofireDemo.xcdatamodel */,
			);
			currentVersion = 3DE65CCA245967140062A862 /* AlamofireDemo.xcdatamodel */;
			path = AlamofireDemo.xcdatamodeld;
			sourceTree = "<group>";
			versionGroupType = wrapper.xcdatamodel;
		};
/* End XCVersionGroup section */
	};
	rootObject = 3DE65CB7245967140062A862 /* Project object */;
}
