// !$*UTF8*$!
{
	archiveVersion = 1;
	classes = {
	};
	objectVersion = 48;
	objects = {

/* Begin PBXBuildFile section */
		3DB73290243AE8BF00CD8F19 /* AppDelegate.swift in Sources */ = {isa = PBXBuildFile; fileRef = 3DB7328F243AE8BF00CD8F19 /* AppDelegate.swift */; };
		3DB73292243AE8BF00CD8F19 /* ViewController.swift in Sources */ = {isa = PBXBuildFile; fileRef = 3DB73291243AE8BF00CD8F19 /* ViewController.swift */; };
		3DB73295243AE8BF00CD8F19 /* Main.storyboard in Resources */ = {isa = PBXBuildFile; fileRef = 3DB73293243AE8BF00CD8F19 /* Main.storyboard */; };
		3DB73298243AE8BF00CD8F19 /* NSNotificationDemo_April062020.xcdatamodeld in Sources */ = {isa = PBXBuildFile; fileRef = 3DB73296243AE8BF00CD8F19 /* NSNotificationDemo_April062020.xcdatamodeld */; };
		3DB7329A243AE8BF00CD8F19 /* Assets.xcassets in Resources */ = {isa = PBXBuildFile; fileRef = 3DB73299243AE8BF00CD8F19 /* Assets.xcassets */; };
		3DB7329D243AE8BF00CD8F19 /* LaunchScreen.storyboard in Resources */ = {isa = PBXBuildFile; fileRef = 3DB7329B243AE8BF00CD8F19 /* LaunchScreen.storyboard */; };
		3DB732A8243AE8C000CD8F19 /* NSNotificationDemo_April062020Tests.swift in Sources */ = {isa = PBXBuildFile; fileRef = 3DB732A7243AE8C000CD8F19 /* NSNotificationDemo_April062020Tests.swift */; };
		3DB732B3243AE8C000CD8F19 /* NSNotificationDemo_April062020UITests.swift in Sources */ = {isa = PBXBuildFile; fileRef = 3DB732B2243AE8C000CD8F19 /* NSNotificationDemo_April062020UITests.swift */; };
/* End PBXBuildFile section */

/* Begin PBXContainerItemProxy section */
		3DB732A4243AE8C000CD8F19 /* PBXContainerItemProxy */ = {
			isa = PBXContainerItemProxy;
			containerPortal = 3DB73284243AE8BE00CD8F19 /* Project object */;
			proxyType = 1;
			remoteGlobalIDString = 3DB7328B243AE8BF00CD8F19;
			remoteInfo = NSNotificationDemo_April062020;
		};
		3DB732AF243AE8C000CD8F19 /* PBXContainerItemProxy */ = {
			isa = PBXContainerItemProxy;
			containerPortal = 3DB73284243AE8BE00CD8F19 /* Project object */;
			proxyType = 1;
			remoteGlobalIDString = 3DB7328B243AE8BF00CD8F19;
			remoteInfo = NSNotificationDemo_April062020;
		};
/* End PBXContainerItemProxy section */

/* Begin PBXFileReference section */
		3DB7328C243AE8BF00CD8F19 /* NSNotificationDemo_April062020.app */ = {isa = PBXFileReference; explicitFileType = wrapper.application; includeInIndex = 0; path = NSNotificationDemo_April062020.app; sourceTree = BUILT_PRODUCTS_DIR; };
		3DB7328F243AE8BF00CD8F19 /* AppDelegate.swift */ = {isa = PBXFileReference; lastKnownFileType = sourcecode.swift; path = AppDelegate.swift; sourceTree = "<group>"; };
		3DB73291243AE8BF00CD8F19 /* ViewController.swift */ = {isa = PBXFileReference; lastKnownFileType = sourcecode.swift; path = ViewController.swift; sourceTree = "<group>"; };
		3DB73294243AE8BF00CD8F19 /* Base */ = {isa = PBXFileReference; lastKnownFileType = file.storyboard; name = Base; path = Base.lproj/Main.storyboard; sourceTree = "<group>"; };
		3DB73297243AE8BF00CD8F19 /* NSNotificationDemo_April062020.xcdatamodel */ = {isa = PBXFileReference; lastKnownFileType = wrapper.xcdatamodel; path = NSNotificationDemo_April062020.xcdatamodel; sourceTree = "<group>"; };
		3DB73299243AE8BF00CD8F19 /* Assets.xcassets */ = {isa = PBXFileReference; lastKnownFileType = folder.assetcatalog; path = Assets.xcassets; sourceTree = "<group>"; };
		3DB7329C243AE8BF00CD8F19 /* Base */ = {isa = PBXFileReference; lastKnownFileType = file.storyboard; name = Base; path = Base.lproj/LaunchScreen.storyboard; sourceTree = "<group>"; };
		3DB7329E243AE8BF00CD8F19 /* Info.plist */ = {isa = PBXFileReference; lastKnownFileType = text.plist.xml; path = Info.plist; sourceTree = "<group>"; };
		3DB732A3243AE8C000CD8F19 /* NSNotificationDemo_April062020Tests.xctest */ = {isa = PBXFileReference; explicitFileType = wrapper.cfbundle; includeInIndex = 0; path = NSNotificationDemo_April062020Tests.xctest; sourceTree = BUILT_PRODUCTS_DIR; };
		3DB732A7243AE8C000CD8F19 /* NSNotificationDemo_April062020Tests.swift */ = {isa = PBXFileReference; lastKnownFileType = sourcecode.swift; path = NSNotificationDemo_April062020Tests.swift; sourceTree = "<group>"; };
		3DB732A9243AE8C000CD8F19 /* Info.plist */ = {isa = PBXFileReference; lastKnownFileType = text.plist.xml; path = Info.plist; sourceTree = "<group>"; };
		3DB732AE243AE8C000CD8F19 /* NSNotificationDemo_April062020UITests.xctest */ = {isa = PBXFileReference; explicitFileType = wrapper.cfbundle; includeInIndex = 0; path = NSNotificationDemo_April062020UITests.xctest; sourceTree = BUILT_PRODUCTS_DIR; };
		3DB732B2243AE8C000CD8F19 /* NSNotificationDemo_April062020UITests.swift */ = {isa = PBXFileReference; lastKnownFileType = sourcecode.swift; path = NSNotificationDemo_April062020UITests.swift; sourceTree = "<group>"; };
		3DB732B4243AE8C000CD8F19 /* Info.plist */ = {isa = PBXFileReference; lastKnownFileType = text.plist.xml; path = Info.plist; sourceTree = "<group>"; };
/* End PBXFileReference section */

/* Begin PBXFrameworksBuildPhase section */
		3DB73289243AE8BF00CD8F19 /* Frameworks */ = {
			isa = PBXFrameworksBuildPhase;
			buildActionMask = 2147483647;
			files = (
			);
			runOnlyForDeploymentPostprocessing = 0;
		};
		3DB732A0243AE8C000CD8F19 /* Frameworks */ = {
			isa = PBXFrameworksBuildPhase;
			buildActionMask = 2147483647;
			files = (
			);
			runOnlyForDeploymentPostprocessing = 0;
		};
		3DB732AB243AE8C000CD8F19 /* Frameworks */ = {
			isa = PBXFrameworksBuildPhase;
			buildActionMask = 2147483647;
			files = (
			);
			runOnlyForDeploymentPostprocessing = 0;
		};
/* End PBXFrameworksBuildPhase section */

/* Begin PBXGroup section */
		3DB73283243AE8BE00CD8F19 = {
			isa = PBXGroup;
			children = (
				3DB7328E243AE8BF00CD8F19 /* NSNotificationDemo_April062020 */,
				3DB732A6243AE8C000CD8F19 /* NSNotificationDemo_April062020Tests */,
				3DB732B1243AE8C000CD8F19 /* NSNotificationDemo_April062020UITests */,
				3DB7328D243AE8BF00CD8F19 /* Products */,
			);
			sourceTree = "<group>";
		};
		3DB7328D243AE8BF00CD8F19 /* Products */ = {
			isa = PBXGroup;
			children = (
				3DB7328C243AE8BF00CD8F19 /* NSNotificationDemo_April062020.app */,
				3DB732A3243AE8C000CD8F19 /* NSNotificationDemo_April062020Tests.xctest */,
				3DB732AE243AE8C000CD8F19 /* NSNotificationDemo_April062020UITests.xctest */,
			);
			name = Products;
			sourceTree = "<group>";
		};
		3DB7328E243AE8BF00CD8F19 /* NSNotificationDemo_April062020 */ = {
			isa = PBXGroup;
			children = (
				3DB7328F243AE8BF00CD8F19 /* AppDelegate.swift */,
				3DB73291243AE8BF00CD8F19 /* ViewController.swift */,
				3DB73293243AE8BF00CD8F19 /* Main.storyboard */,
				3DB73299243AE8BF00CD8F19 /* Assets.xcassets */,
				3DB7329B243AE8BF00CD8F19 /* LaunchScreen.storyboard */,
				3DB7329E243AE8BF00CD8F19 /* Info.plist */,
				3DB73296243AE8BF00CD8F19 /* NSNotificationDemo_April062020.xcdatamodeld */,
			);
			path = NSNotificationDemo_April062020;
			sourceTree = "<group>";
		};
		3DB732A6243AE8C000CD8F19 /* NSNotificationDemo_April062020Tests */ = {
			isa = PBXGroup;
			children = (
				3DB732A7243AE8C000CD8F19 /* NSNotificationDemo_April062020Tests.swift */,
				3DB732A9243AE8C000CD8F19 /* Info.plist */,
			);
			path = NSNotificationDemo_April062020Tests;
			sourceTree = "<group>";
		};
		3DB732B1243AE8C000CD8F19 /* NSNotificationDemo_April062020UITests */ = {
			isa = PBXGroup;
			children = (
				3DB732B2243AE8C000CD8F19 /* NSNotificationDemo_April062020UITests.swift */,
				3DB732B4243AE8C000CD8F19 /* Info.plist */,
			);
			path = NSNotificationDemo_April062020UITests;
			sourceTree = "<group>";
		};
/* End PBXGroup section */

/* Begin PBXNativeTarget section */
		3DB7328B243AE8BF00CD8F19 /* NSNotificationDemo_April062020 */ = {
			isa = PBXNativeTarget;
			buildConfigurationList = 3DB732B7243AE8C000CD8F19 /* Build configuration list for PBXNativeTarget "NSNotificationDemo_April062020" */;
			buildPhases = (
				3DB73288243AE8BF00CD8F19 /* Sources */,
				3DB73289243AE8BF00CD8F19 /* Frameworks */,
				3DB7328A243AE8BF00CD8F19 /* Resources */,
			);
			buildRules = (
			);
			dependencies = (
			);
			name = NSNotificationDemo_April062020;
			productName = NSNotificationDemo_April062020;
			productReference = 3DB7328C243AE8BF00CD8F19 /* NSNotificationDemo_April062020.app */;
			productType = "com.apple.product-type.application";
		};
		3DB732A2243AE8C000CD8F19 /* NSNotificationDemo_April062020Tests */ = {
			isa = PBXNativeTarget;
			buildConfigurationList = 3DB732BA243AE8C000CD8F19 /* Build configuration list for PBXNativeTarget "NSNotificationDemo_April062020Tests" */;
			buildPhases = (
				3DB7329F243AE8C000CD8F19 /* Sources */,
				3DB732A0243AE8C000CD8F19 /* Frameworks */,
				3DB732A1243AE8C000CD8F19 /* Resources */,
			);
			buildRules = (
			);
			dependencies = (
				3DB732A5243AE8C000CD8F19 /* PBXTargetDependency */,
			);
			name = NSNotificationDemo_April062020Tests;
			productName = NSNotificationDemo_April062020Tests;
			productReference = 3DB732A3243AE8C000CD8F19 /* NSNotificationDemo_April062020Tests.xctest */;
			productType = "com.apple.product-type.bundle.unit-test";
		};
		3DB732AD243AE8C000CD8F19 /* NSNotificationDemo_April062020UITests */ = {
			isa = PBXNativeTarget;
			buildConfigurationList = 3DB732BD243AE8C000CD8F19 /* Build configuration list for PBXNativeTarget "NSNotificationDemo_April062020UITests" */;
			buildPhases = (
				3DB732AA243AE8C000CD8F19 /* Sources */,
				3DB732AB243AE8C000CD8F19 /* Frameworks */,
				3DB732AC243AE8C000CD8F19 /* Resources */,
			);
			buildRules = (
			);
			dependencies = (
				3DB732B0243AE8C000CD8F19 /* PBXTargetDependency */,
			);
			name = NSNotificationDemo_April062020UITests;
			productName = NSNotificationDemo_April062020UITests;
			productReference = 3DB732AE243AE8C000CD8F19 /* NSNotificationDemo_April062020UITests.xctest */;
			productType = "com.apple.product-type.bundle.ui-testing";
		};
/* End PBXNativeTarget section */

/* Begin PBXProject section */
		3DB73284243AE8BE00CD8F19 /* Project object */ = {
			isa = PBXProject;
			attributes = {
				LastSwiftUpdateCheck = 0920;
				LastUpgradeCheck = 0920;
				ORGANIZATIONNAME = Mahesh;
				TargetAttributes = {
					3DB7328B243AE8BF00CD8F19 = {
						CreatedOnToolsVersion = 9.2;
						ProvisioningStyle = Automatic;
					};
					3DB732A2243AE8C000CD8F19 = {
						CreatedOnToolsVersion = 9.2;
						ProvisioningStyle = Automatic;
						TestTargetID = 3DB7328B243AE8BF00CD8F19;
					};
					3DB732AD243AE8C000CD8F19 = {
						CreatedOnToolsVersion = 9.2;
						ProvisioningStyle = Automatic;
						TestTargetID = 3DB7328B243AE8BF00CD8F19;
					};
				};
			};
			buildConfigurationList = 3DB73287243AE8BF00CD8F19 /* Build configuration list for PBXProject "NSNotificationDemo_April062020" */;
			compatibilityVersion = "Xcode 8.0";
			developmentRegion = en;
			hasScannedForEncodings = 0;
			knownRegions = (
				en,
				Base,
			);
			mainGroup = 3DB73283243AE8BE00CD8F19;
			productRefGroup = 3DB7328D243AE8BF00CD8F19 /* Products */;
			projectDirPath = "";
			projectRoot = "";
			targets = (
				3DB7328B243AE8BF00CD8F19 /* NSNotificationDemo_April062020 */,
				3DB732A2243AE8C000CD8F19 /* NSNotificationDemo_April062020Tests */,
				3DB732AD243AE8C000CD8F19 /* NSNotificationDemo_April062020UITests */,
			);
		};
/* End PBXProject section */

/* Begin PBXResourcesBuildPhase section */
		3DB7328A243AE8BF00CD8F19 /* Resources */ = {
			isa = PBXResourcesBuildPhase;
			buildActionMask = 2147483647;
			files = (
				3DB7329D243AE8BF00CD8F19 /* LaunchScreen.storyboard in Resources */,
				3DB7329A243AE8BF00CD8F19 /* Assets.xcassets in Resources */,
				3DB73295243AE8BF00CD8F19 /* Main.storyboard in Resources */,
			);
			runOnlyForDeploymentPostprocessing = 0;
		};
		3DB732A1243AE8C000CD8F19 /* Resources */ = {
			isa = PBXResourcesBuildPhase;
			buildActionMask = 2147483647;
			files = (
			);
			runOnlyForDeploymentPostprocessing = 0;
		};
		3DB732AC243AE8C000CD8F19 /* Resources */ = {
			isa = PBXResourcesBuildPhase;
			buildActionMask = 2147483647;
			files = (
			);
			runOnlyForDeploymentPostprocessing = 0;
		};
/* End PBXResourcesBuildPhase section */

/* Begin PBXSourcesBuildPhase section */
		3DB73288243AE8BF00CD8F19 /* Sources */ = {
			isa = PBXSourcesBuildPhase;
			buildActionMask = 2147483647;
			files = (
				3DB73298243AE8BF00CD8F19 /* NSNotificationDemo_April062020.xcdatamodeld in Sources */,
				3DB73292243AE8BF00CD8F19 /* ViewController.swift in Sources */,
				3DB73290243AE8BF00CD8F19 /* AppDelegate.swift in Sources */,
			);
			runOnlyForDeploymentPostprocessing = 0;
		};
		3DB7329F243AE8C000CD8F19 /* Sources */ = {
			isa = PBXSourcesBuildPhase;
			buildActionMask = 2147483647;
			files = (
				3DB732A8243AE8C000CD8F19 /* NSNotificationDemo_April062020Tests.swift in Sources */,
			);
			runOnlyForDeploymentPostprocessing = 0;
		};
		3DB732AA243AE8C000CD8F19 /* Sources */ = {
			isa = PBXSourcesBuildPhase;
			buildActionMask = 2147483647;
			files = (
				3DB732B3243AE8C000CD8F19 /* NSNotificationDemo_April062020UITests.swift in Sources */,
			);
			runOnlyForDeploymentPostprocessing = 0;
		};
/* End PBXSourcesBuildPhase section */

/* Begin PBXTargetDependency section */
		3DB732A5243AE8C000CD8F19 /* PBXTargetDependency */ = {
			isa = PBXTargetDependency;
			target = 3DB7328B243AE8BF00CD8F19 /* NSNotificationDemo_April062020 */;
			targetProxy = 3DB732A4243AE8C000CD8F19 /* PBXContainerItemProxy */;
		};
		3DB732B0243AE8C000CD8F19 /* PBXTargetDependency */ = {
			isa = PBXTargetDependency;
			target = 3DB7328B243AE8BF00CD8F19 /* NSNotificationDemo_April062020 */;
			targetProxy = 3DB732AF243AE8C000CD8F19 /* PBXContainerItemProxy */;
		};
/* End PBXTargetDependency section */

/* Begin PBXVariantGroup section */
		3DB73293243AE8BF00CD8F19 /* Main.storyboard */ = {
			isa = PBXVariantGroup;
			children = (
				3DB73294243AE8BF00CD8F19 /* Base */,
			);
			name = Main.storyboard;
			sourceTree = "<group>";
		};
		3DB7329B243AE8BF00CD8F19 /* LaunchScreen.storyboard */ = {
			isa = PBXVariantGroup;
			children = (
				3DB7329C243AE8BF00CD8F19 /* Base */,
			);
			name = LaunchScreen.storyboard;
			sourceTree = "<group>";
		};
/* End PBXVariantGroup section */

/* Begin XCBuildConfiguration section */
		3DB732B5243AE8C000CD8F19 /* Debug */ = {
			isa = XCBuildConfiguration;
			buildSettings = {
				ALWAYS_SEARCH_USER_PATHS = NO;
				CLANG_ANALYZER_NONNULL = YES;
				CLANG_ANALYZER_NUMBER_OBJECT_CONVERSION = YES_AGGRESSIVE;
				CLANG_CXX_LANGUAGE_STANDARD = "gnu++14";
				CLANG_CXX_LIBRARY = "libc++";
				CLANG_ENABLE_MODULES = YES;
				CLANG_ENABLE_OBJC_ARC = YES;
				CLANG_WARN_BLOCK_CAPTURE_AUTORELEASING = YES;
				CLANG_WARN_BOOL_CONVERSION = YES;
				CLANG_WARN_COMMA = YES;
				CLANG_WARN_CONSTANT_CONVERSION = YES;
				CLANG_WARN_DIRECT_OBJC_ISA_USAGE = YES_ERROR;
				CLANG_WARN_DOCUMENTATION_COMMENTS = YES;
				CLANG_WARN_EMPTY_BODY = YES;
				CLANG_WARN_ENUM_CONVERSION = YES;
				CLANG_WARN_INFINITE_RECURSION = YES;
				CLANG_WARN_INT_CONVERSION = YES;
				CLANG_WARN_NON_LITERAL_NULL_CONVERSION = YES;
				CLANG_WARN_OBJC_LITERAL_CONVERSION = YES;
				CLANG_WARN_OBJC_ROOT_CLASS = YES_ERROR;
				CLANG_WARN_RANGE_LOOP_ANALYSIS = YES;
				CLANG_WARN_STRICT_PROTOTYPES = YES;
				CLANG_WARN_SUSPICIOUS_MOVE = YES;
				CLANG_WARN_UNGUARDED_AVAILABILITY = YES_AGGRESSIVE;
				CLANG_WARN_UNREACHABLE_CODE = YES;
				CLANG_WARN__DUPLICATE_METHOD_MATCH = YES;
				CODE_SIGN_IDENTITY = "iPhone Developer";
				COPY_PHASE_STRIP = NO;
				DEBUG_INFORMATION_FORMAT = dwarf;
				ENABLE_STRICT_OBJC_MSGSEND = YES;
				ENABLE_TESTABILITY = YES;
				GCC_C_LANGUAGE_STANDARD = gnu11;
				GCC_DYNAMIC_NO_PIC = NO;
				GCC_NO_COMMON_BLOCKS = YES;
				GCC_OPTIMIZATION_LEVEL = 0;
				GCC_PREPROCESSOR_DEFINITIONS = (
					"DEBUG=1",
					"$(inherited)",
				);
				GCC_WARN_64_TO_32_BIT_CONVERSION = YES;
				GCC_WARN_ABOUT_RETURN_TYPE = YES_ERROR;
				GCC_WARN_UNDECLARED_SELECTOR = YES;
				GCC_WARN_UNINITIALIZED_AUTOS = YES_AGGRESSIVE;
				GCC_WARN_UNUSED_FUNCTION = YES;
				GCC_WARN_UNUSED_VARIABLE = YES;
				IPHONEOS_DEPLOYMENT_TARGET = 11.2;
				MTL_ENABLE_DEBUG_INFO = YES;
				ONLY_ACTIVE_ARCH = YES;
				SDKROOT = iphoneos;
				SWIFT_ACTIVE_COMPILATION_CONDITIONS = DEBUG;
				SWIFT_OPTIMIZATION_LEVEL = "-Onone";
			};
			name = Debug;
		};
		3DB732B6243AE8C000CD8F19 /* Release */ = {
			isa = XCBuildConfiguration;
			buildSettings = {
				ALWAYS_SEARCH_USER_PATHS = NO;
				CLANG_ANALYZER_NONNULL = YES;
				CLANG_ANALYZER_NUMBER_OBJECT_CONVERSION = YES_AGGRESSIVE;
				CLANG_CXX_LANGUAGE_STANDARD = "gnu++14";
				CLANG_CXX_LIBRARY = "libc++";
				CLANG_ENABLE_MODULES = YES;
				CLANG_ENABLE_OBJC_ARC = YES;
				CLANG_WARN_BLOCK_CAPTURE_AUTORELEASING = YES;
				CLANG_WARN_BOOL_CONVERSION = YES;
				CLANG_WARN_COMMA = YES;
				CLANG_WARN_CONSTANT_CONVERSION = YES;
				CLANG_WARN_DIRECT_OBJC_ISA_USAGE = YES_ERROR;
				CLANG_WARN_DOCUMENTATION_COMMENTS = YES;
				CLANG_WARN_EMPTY_BODY = YES;
				CLANG_WARN_ENUM_CONVERSION = YES;
				CLANG_WARN_INFINITE_RECURSION = YES;
				CLANG_WARN_INT_CONVERSION = YES;
				CLANG_WARN_NON_LITERAL_NULL_CONVERSION = YES;
				CLANG_WARN_OBJC_LITERAL_CONVERSION = YES;
				CLANG_WARN_OBJC_ROOT_CLASS = YES_ERROR;
				CLANG_WARN_RANGE_LOOP_ANALYSIS = YES;
				CLANG_WARN_STRICT_PROTOTYPES = YES;
				CLANG_WARN_SUSPICIOUS_MOVE = YES;
				CLANG_WARN_UNGUARDED_AVAILABILITY = YES_AGGRESSIVE;
				CLANG_WARN_UNREACHABLE_CODE = YES;
				CLANG_WARN__DUPLICATE_METHOD_MATCH = YES;
				CODE_SIGN_IDENTITY = "iPhone Developer";
				COPY_PHASE_STRIP = NO;
				DEBUG_INFORMATION_FORMAT = "dwarf-with-dsym";
				ENABLE_NS_ASSERTIONS = NO;
				ENABLE_STRICT_OBJC_MSGSEND = YES;
				GCC_C_LANGUAGE_STANDARD = gnu11;
				GCC_NO_COMMON_BLOCKS = YES;
				GCC_WARN_64_TO_32_BIT_CONVERSION = YES;
				GCC_WARN_ABOUT_RETURN_TYPE = YES_ERROR;
				GCC_WARN_UNDECLARED_SELECTOR = YES;
				GCC_WARN_UNINITIALIZED_AUTOS = YES_AGGRESSIVE;
				GCC_WARN_UNUSED_FUNCTION = YES;
				GCC_WARN_UNUSED_VARIABLE = YES;
				IPHONEOS_DEPLOYMENT_TARGET = 11.2;
				MTL_ENABLE_DEBUG_INFO = NO;
				SDKROOT = iphoneos;
				SWIFT_OPTIMIZATION_LEVEL = "-Owholemodule";
				VALIDATE_PRODUCT = YES;
			};
			name = Release;
		};
		3DB732B8243AE8C000CD8F19 /* Debug */ = {
			isa = XCBuildConfiguration;
			buildSettings = {
				ASSETCATALOG_COMPILER_APPICON_NAME = AppIcon;
				CODE_SIGN_STYLE = Automatic;
				INFOPLIST_FILE = NSNotificationDemo_April062020/Info.plist;
				LD_RUNPATH_SEARCH_PATHS = "$(inherited) @executable_path/Frameworks";
				PRODUCT_BUNDLE_IDENTIFIER = "mahesh.NSNotificationDemo-April062020";
				PRODUCT_NAME = "$(TARGET_NAME)";
				SWIFT_VERSION = 4.0;
				TARGETED_DEVICE_FAMILY = "1,2";
			};
			name = Debug;
		};
		3DB732B9243AE8C000CD8F19 /* Release */ = {
			isa = XCBuildConfiguration;
			buildSettings = {
				ASSETCATALOG_COMPILER_APPICON_NAME = AppIcon;
				CODE_SIGN_STYLE = Automatic;
				INFOPLIST_FILE = NSNotificationDemo_April062020/Info.plist;
				LD_RUNPATH_SEARCH_PATHS = "$(inherited) @executable_path/Frameworks";
				PRODUCT_BUNDLE_IDENTIFIER = "mahesh.NSNotificationDemo-April062020";
				PRODUCT_NAME = "$(TARGET_NAME)";
				SWIFT_VERSION = 4.0;
				TARGETED_DEVICE_FAMILY = "1,2";
			};
			name = Release;
		};
		3DB732BB243AE8C000CD8F19 /* Debug */ = {
			isa = XCBuildConfiguration;
			buildSettings = {
				ALWAYS_EMBED_SWIFT_STANDARD_LIBRARIES = YES;
				BUNDLE_LOADER = "$(TEST_HOST)";
				CODE_SIGN_STYLE = Automatic;
				INFOPLIST_FILE = NSNotificationDemo_April062020Tests/Info.plist;
				LD_RUNPATH_SEARCH_PATHS = "$(inherited) @executable_path/Frameworks @loader_path/Frameworks";
				PRODUCT_BUNDLE_IDENTIFIER = "mahesh.NSNotificationDemo-April062020Tests";
				PRODUCT_NAME = "$(TARGET_NAME)";
				SWIFT_VERSION = 4.0;
				TARGETED_DEVICE_FAMILY = "1,2";
				TEST_HOST = "$(BUILT_PRODUCTS_DIR)/NSNotificationDemo_April062020.app/NSNotificationDemo_April062020";
			};
			name = Debug;
		};
		3DB732BC243AE8C000CD8F19 /* Release */ = {
			isa = XCBuildConfiguration;
			buildSettings = {
				ALWAYS_EMBED_SWIFT_STANDARD_LIBRARIES = YES;
				BUNDLE_LOADER = "$(TEST_HOST)";
				CODE_SIGN_STYLE = Automatic;
				INFOPLIST_FILE = NSNotificationDemo_April062020Tests/Info.plist;
				LD_RUNPATH_SEARCH_PATHS = "$(inherited) @executable_path/Frameworks @loader_path/Frameworks";
				PRODUCT_BUNDLE_IDENTIFIER = "mahesh.NSNotificationDemo-April062020Tests";
				PRODUCT_NAME = "$(TARGET_NAME)";
				SWIFT_VERSION = 4.0;
				TARGETED_DEVICE_FAMILY = "1,2";
				TEST_HOST = "$(BUILT_PRODUCTS_DIR)/NSNotificationDemo_April062020.app/NSNotificationDemo_April062020";
			};
			name = Release;
		};
		3DB732BE243AE8C000CD8F19 /* Debug */ = {
			isa = XCBuildConfiguration;
			buildSettings = {
				ALWAYS_EMBED_SWIFT_STANDARD_LIBRARIES = YES;
				CODE_SIGN_STYLE = Automatic;
				INFOPLIST_FILE = NSNotificationDemo_April062020UITests/Info.plist;
				LD_RUNPATH_SEARCH_PATHS = "$(inherited) @executable_path/Frameworks @loader_path/Frameworks";
				PRODUCT_BUNDLE_IDENTIFIER = "mahesh.NSNotificationDemo-April062020UITests";
				PRODUCT_NAME = "$(TARGET_NAME)";
				SWIFT_VERSION = 4.0;
				TARGETED_DEVICE_FAMILY = "1,2";
				TEST_TARGET_NAME = NSNotificationDemo_April062020;
			};
			name = Debug;
		};
		3DB732BF243AE8C000CD8F19 /* Release */ = {
			isa = XCBuildConfiguration;
			buildSettings = {
				ALWAYS_EMBED_SWIFT_STANDARD_LIBRARIES = YES;
				CODE_SIGN_STYLE = Automatic;
				INFOPLIST_FILE = NSNotificationDemo_April062020UITests/Info.plist;
				LD_RUNPATH_SEARCH_PATHS = "$(inherited) @executable_path/Frameworks @loader_path/Frameworks";
				PRODUCT_BUNDLE_IDENTIFIER = "mahesh.NSNotificationDemo-April062020UITests";
				PRODUCT_NAME = "$(TARGET_NAME)";
				SWIFT_VERSION = 4.0;
				TARGETED_DEVICE_FAMILY = "1,2";
				TEST_TARGET_NAME = NSNotificationDemo_April062020;
			};
			name = Release;
		};
/* End XCBuildConfiguration section */

/* Begin XCConfigurationList section */
		3DB73287243AE8BF00CD8F19 /* Build configuration list for PBXProject "NSNotificationDemo_April062020" */ = {
			isa = XCConfigurationList;
			buildConfigurations = (
				3DB732B5243AE8C000CD8F19 /* Debug */,
				3DB732B6243AE8C000CD8F19 /* Release */,
			);
			defaultConfigurationIsVisible = 0;
			defaultConfigurationName = Release;
		};
		3DB732B7243AE8C000CD8F19 /* Build configuration list for PBXNativeTarget "NSNotificationDemo_April062020" */ = {
			isa = XCConfigurationList;
			buildConfigurations = (
				3DB732B8243AE8C000CD8F19 /* Debug */,
				3DB732B9243AE8C000CD8F19 /* Release */,
			);
			defaultConfigurationIsVisible = 0;
			defaultConfigurationName = Release;
		};
		3DB732BA243AE8C000CD8F19 /* Build configuration list for PBXNativeTarget "NSNotificationDemo_April062020Tests" */ = {
			isa = XCConfigurationList;
			buildConfigurations = (
				3DB732BB243AE8C000CD8F19 /* Debug */,
				3DB732BC243AE8C000CD8F19 /* Release */,
			);
			defaultConfigurationIsVisible = 0;
			defaultConfigurationName = Release;
		};
		3DB732BD243AE8C000CD8F19 /* Build configuration list for PBXNativeTarget "NSNotificationDemo_April062020UITests" */ = {
			isa = XCConfigurationList;
			buildConfigurations = (
				3DB732BE243AE8C000CD8F19 /* Debug */,
				3DB732BF243AE8C000CD8F19 /* Release */,
			);
			defaultConfigurationIsVisible = 0;
			defaultConfigurationName = Release;
		};
/* End XCConfigurationList section */

/* Begin XCVersionGroup section */
		3DB73296243AE8BF00CD8F19 /* NSNotificationDemo_April062020.xcdatamodeld */ = {
			isa = XCVersionGroup;
			children = (
				3DB73297243AE8BF00CD8F19 /* NSNotificationDemo_April062020.xcdatamodel */,
			);
			currentVersion = 3DB73297243AE8BF00CD8F19 /* NSNotificationDemo_April062020.xcdatamodel */;
			path = NSNotificationDemo_April062020.xcdatamodeld;
			sourceTree = "<group>";
			versionGroupType = wrapper.xcdatamodel;
		};
/* End XCVersionGroup section */
	};
	rootObject = 3DB73284243AE8BE00CD8F19 /* Project object */;
}
